
Microsoft Visual Studio Solution File, Format Version 12.00
# Visual Studio Version 17
VisualStudioVersion = 17.0.31903.59
MinimumVisualStudioVersion = 10.0.40219.1
Project("{2150E333-8FDC-42A3-9474-1A3956D46DE8}") = "src", "src", "{827E0CD3-B72D-47B6-A68D-7590B98EB39B}"
EndProject
Project("{FAE04EC0-301F-11D3-BF4B-00C04F79EFBC}") = "Pomodoro.Domain", "src\Pomodoro.Domain\Pomodoro.Domain.csproj", "{F1765C6E-DE04-466B-824B-F049BA859B37}"
EndProject
Project("{FAE04EC0-301F-11D3-BF4B-00C04F79EFBC}") = "Pomodoro.Application", "src\Pomodoro.Application\Pomodoro.Application.csproj", "{FE583EB6-EA2E-484A-B49F-59AE95BBC87C}"
EndProject
Project("{FAE04EC0-301F-11D3-BF4B-00C04F79EFBC}") = "Pomodoro.Infrastructure", "src\Pomodoro.Infrastructure\Pomodoro.Infrastructure.csproj", "{89ADCD68-277F-44B5-9AEB-1E15C8DA6D80}"
EndProject
Project("{FAE04EC0-301F-11D3-BF4B-00C04F79EFBC}") = "Pomodoro.App", "src\Pomodoro.App\Pomodoro.App.csproj", "{5CB8DEA7-945F-48CB-88A1-3A9B09FCC181}"
EndProject
Project("{2150E333-8FDC-42A3-9474-1A3956D46DE8}") = "tests", "tests", "{0AB3BF05-4346-4AA6-1389-037BE0695223}"
EndProject
Project("{FAE04EC0-301F-11D3-BF4B-00C04F79EFBC}") = "Pomodoro.Domain.Tests", "tests\Pomodoro.Domain.Tests\Pomodoro.Domain.Tests.csproj", "{C5593EB7-3A63-4C8E-B57B-DCFF28F04DD6}"
EndProject
Project("{FAE04EC0-301F-11D3-BF4B-00C04F79EFBC}") = "Pomodoro.Application.Tests", "tests\Pomodoro.Application.Tests\Pomodoro.Application.Tests.csproj", "{16746D20-4EDF-48E7-8425-8F06D309E72F}"
EndProject
Project("{FAE04EC0-301F-11D3-BF4B-00C04F79EFBC}") = "Pomodoro.Infrastructure.Tests", "tests\Pomodoro.Infrastructure.Tests\Pomodoro.Infrastructure.Tests.csproj", "{BA4F0A31-BB0D-4447-B0B4-8B7FED62C775}"
EndProject
Project("{FAE04EC0-301F-11D3-BF4B-00C04F79EFBC}") = "Pomodoro.App.Tests", "tests\Pomodoro.App.Tests\Pomodoro.App.Tests.csproj", "{023457A8-A67A-4DD9-BCB1-DF1692D40999}"
EndProject
Global
	GlobalSection(SolutionConfigurationPlatforms) = preSolution
		Debug|Any CPU = Debug|Any CPU
		Debug|x64 = Debug|x64
		Debug|x86 = Debug|x86
		Release|Any CPU = Release|Any CPU
		Release|x64 = Release|x64
		Release|x86 = Release|x86
	EndGlobalSection
	GlobalSection(ProjectConfigurationPlatforms) = postSolution
		{F1765C6E-DE04-466B-824B-F049BA859B37}.Debug|Any CPU.ActiveCfg = Debug|Any CPU
		{F1765C6E-DE04-466B-824B-F049BA859B37}.Debug|Any CPU.Build.0 = Debug|Any CPU
		{F1765C6E-DE04-466B-824B-F049BA859B37}.Debug|x64.ActiveCfg = Debug|Any CPU
		{F1765C6E-DE04-466B-824B-F049BA859B37}.Debug|x64.Build.0 = Debug|Any CPU
		{F1765C6E-DE04-466B-824B-F049BA859B37}.Debug|x86.ActiveCfg = Debug|Any CPU
		{F1765C6E-DE04-466B-824B-F049BA859B37}.Debug|x86.Build.0 = Debug|Any CPU
		{F1765C6E-DE04-466B-824B-F049BA859B37}.Release|Any CPU.ActiveCfg = Release|Any CPU
		{F1765C6E-DE04-466B-824B-F049BA859B37}.Release|Any CPU.Build.0 = Release|Any CPU
		{F1765C6E-DE04-466B-824B-F049BA859B37}.Release|x64.ActiveCfg = Release|Any CPU
		{F1765C6E-DE04-466B-824B-F049BA859B37}.Release|x64.Build.0 = Release|Any CPU
		{F1765C6E-DE04-466B-824B-F049BA859B37}.Release|x86.ActiveCfg = Release|Any CPU
		{F1765C6E-DE04-466B-824B-F049BA859B37}.Release|x86.Build.0 = Release|Any CPU
		{FE583EB6-EA2E-484A-B49F-59AE95BBC87C}.Debug|Any CPU.ActiveCfg = Debug|Any CPU
		{FE583EB6-EA2E-484A-B49F-59AE95BBC87C}.Debug|Any CPU.Build.0 = Debug|Any CPU
		{FE583EB6-EA2E-484A-B49F-59AE95BBC87C}.Debug|x64.ActiveCfg = Debug|Any CPU
		{FE583EB6-EA2E-484A-B49F-59AE95BBC87C}.Debug|x64.Build.0 = Debug|Any CPU
		{FE583EB6-EA2E-484A-B49F-59AE95BBC87C}.Debug|x86.ActiveCfg = Debug|Any CPU
		{FE583EB6-EA2E-484A-B49F-59AE95BBC87C}.Debug|x86.Build.0 = Debug|Any CPU
		{FE583EB6-EA2E-484A-B49F-59AE95BBC87C}.Release|Any CPU.ActiveCfg = Release|Any CPU
		{FE583EB6-EA2E-484A-B49F-59AE95BBC87C}.Release|Any CPU.Build.0 = Release|Any CPU
		{FE583EB6-EA2E-484A-B49F-59AE95BBC87C}.Release|x64.ActiveCfg = Release|Any CPU
		{FE583EB6-EA2E-484A-B49F-59AE95BBC87C}.Release|x64.Build.0 = Release|Any CPU
		{FE583EB6-EA2E-484A-B49F-59AE95BBC87C}.Release|x86.ActiveCfg = Release|Any CPU
		{FE583EB6-EA2E-484A-B49F-59AE95BBC87C}.Release|x86.Build.0 = Release|Any CPU
		{89ADCD68-277F-44B5-9AEB-1E15C8DA6D80}.Debug|Any CPU.ActiveCfg = Debug|Any CPU
		{89ADCD68-277F-44B5-9AEB-1E15C8DA6D80}.Debug|Any CPU.Build.0 = Debug|Any CPU
		{89ADCD68-277F-44B5-9AEB-1E15C8DA6D80}.Debug|x64.ActiveCfg = Debug|Any CPU
		{89ADCD68-277F-44B5-9AEB-1E15C8DA6D80}.Debug|x64.Build.0 = Debug|Any CPU
		{89ADCD68-277F-44B5-9AEB-1E15C8DA6D80}.Debug|x86.ActiveCfg = Debug|Any CPU
		{89ADCD68-277F-44B5-9AEB-1E15C8DA6D80}.Debug|x86.Build.0 = Debug|Any CPU
		{89ADCD68-277F-44B5-9AEB-1E15C8DA6D80}.Release|Any CPU.ActiveCfg = Release|Any CPU
		{89ADCD68-277F-44B5-9AEB-1E15C8DA6D80}.Release|Any CPU.Build.0 = Release|Any CPU
		{89ADCD68-277F-44B5-9AEB-1E15C8DA6D80}.Release|x64.ActiveCfg = Release|Any CPU
		{89ADCD68-277F-44B5-9AEB-1E15C8DA6D80}.Release|x64.Build.0 = Release|Any CPU
		{89ADCD68-277F-44B5-9AEB-1E15C8DA6D80}.Release|x86.ActiveCfg = Release|Any CPU
		{89ADCD68-277F-44B5-9AEB-1E15C8DA6D80}.Release|x86.Build.0 = Release|Any CPU
		{5CB8DEA7-945F-48CB-88A1-3A9B09FCC181}.Debug|Any CPU.ActiveCfg = Debug|Any CPU
		{5CB8DEA7-945F-48CB-88A1-3A9B09FCC181}.Debug|Any CPU.Build.0 = Debug|Any CPU
		{5CB8DEA7-945F-48CB-88A1-3A9B09FCC181}.Debug|x64.ActiveCfg = Debug|Any CPU
		{5CB8DEA7-945F-48CB-88A1-3A9B09FCC181}.Debug|x64.Build.0 = Debug|Any CPU
		{5CB8DEA7-945F-48CB-88A1-3A9B09FCC181}.Debug|x86.ActiveCfg = Debug|Any CPU
		{5CB8DEA7-945F-48CB-88A1-3A9B09FCC181}.Debug|x86.Build.0 = Debug|Any CPU
		{5CB8DEA7-945F-48CB-88A1-3A9B09FCC181}.Release|Any CPU.ActiveCfg = Release|Any CPU
		{5CB8DEA7-945F-48CB-88A1-3A9B09FCC181}.Release|Any CPU.Build.0 = Release|Any CPU
		{5CB8DEA7-945F-48CB-88A1-3A9B09FCC181}.Release|x64.ActiveCfg = Release|Any CPU
		{5CB8DEA7-945F-48CB-88A1-3A9B09FCC181}.Release|x64.Build.0 = Release|Any CPU
		{5CB8DEA7-945F-48CB-88A1-3A9B09FCC181}.Release|x86.ActiveCfg = Release|Any CPU
		{5CB8DEA7-945F-48CB-88A1-3A9B09FCC181}.Release|x86.Build.0 = Release|Any CPU
		{C5593EB7-3A63-4C8E-B57B-DCFF28F04DD6}.Debug|Any CPU.ActiveCfg = Debug|Any CPU
		{C5593EB7-3A63-4C8E-B57B-DCFF28F04DD6}.Debug|Any CPU.Build.0 = Debug|Any CPU
		{C5593EB7-3A63-4C8E-B57B-DCFF28F04DD6}.Debug|x64.ActiveCfg = Debug|Any CPU
		{C5593EB7-3A63-4C8E-B57B-DCFF28F04DD6}.Debug|x64.Build.0 = Debug|Any CPU
		{C5593EB7-3A63-4C8E-B57B-DCFF28F04DD6}.Debug|x86.ActiveCfg = Debug|Any CPU
		{C5593EB7-3A63-4C8E-B57B-DCFF28F04DD6}.Debug|x86.Build.0 = Debug|Any CPU
		{C5593EB7-3A63-4C8E-B57B-DCFF28F04DD6}.Release|Any CPU.ActiveCfg = Release|Any CPU
		{C5593EB7-3A63-4C8E-B57B-DCFF28F04DD6}.Release|Any CPU.Build.0 = Release|Any CPU
		{C5593EB7-3A63-4C8E-B57B-DCFF28F04DD6}.Release|x64.ActiveCfg = Release|Any CPU
		{C5593EB7-3A63-4C8E-B57B-DCFF28F04DD6}.Release|x64.Build.0 = Release|Any CPU
		{C5593EB7-3A63-4C8E-B57B-DCFF28F04DD6}.Release|x86.ActiveCfg = Release|Any CPU
		{C5593EB7-3A63-4C8E-B57B-DCFF28F04DD6}.Release|x86.Build.0 = Release|Any CPU
		{16746D20-4EDF-48E7-8425-8F06D309E72F}.Debug|Any CPU.ActiveCfg = Debug|Any CPU
		{16746D20-4EDF-48E7-8425-8F06D309E72F}.Debug|Any CPU.Build.0 = Debug|Any CPU
		{16746D20-4EDF-48E7-8425-8F06D309E72F}.Debug|x64.ActiveCfg = Debug|Any CPU
		{16746D20-4EDF-48E7-8425-8F06D309E72F}.Debug|x64.Build.0 = Debug|Any CPU
		{16746D20-4EDF-48E7-8425-8F06D309E72F}.Debug|x86.ActiveCfg = Debug|Any CPU
		{16746D20-4EDF-48E7-8425-8F06D309E72F}.Debug|x86.Build.0 = Debug|Any CPU
		{16746D20-4EDF-48E7-8425-8F06D309E72F}.Release|Any CPU.ActiveCfg = Release|Any CPU
		{16746D20-4EDF-48E7-8425-8F06D309E72F}.Release|Any CPU.Build.0 = Release|Any CPU
		{16746D20-4EDF-48E7-8425-8F06D309E72F}.Release|x64.ActiveCfg = Release|Any CPU
		{16746D20-4EDF-48E7-8425-8F06D309E72F}.Release|x64.Build.0 = Release|Any CPU
		{16746D20-4EDF-48E7-8425-8F06D309E72F}.Release|x86.ActiveCfg = Release|Any CPU
		{16746D20-4EDF-48E7-8425-8F06D309E72F}.Release|x86.Build.0 = Release|Any CPU
		{BA4F0A31-BB0D-4447-B0B4-8B7FED62C775}.Debug|Any CPU.ActiveCfg = Debug|Any CPU
		{BA4F0A31-BB0D-4447-B0B4-8B7FED62C775}.Debug|Any CPU.Build.0 = Debug|Any CPU
		{BA4F0A31-BB0D-4447-B0B4-8B7FED62C775}.Debug|x64.ActiveCfg = Debug|Any CPU
		{BA4F0A31-BB0D-4447-B0B4-8B7FED62C775}.Debug|x64.Build.0 = Debug|Any CPU
		{BA4F0A31-BB0D-4447-B0B4-8B7FED62C775}.Debug|x86.ActiveCfg = Debug|Any CPU
		{BA4F0A31-BB0D-4447-B0B4-8B7FED62C775}.Debug|x86.Build.0 = Debug|Any CPU
		{BA4F0A31-BB0D-4447-B0B4-8B7FED62C775}.Release|Any CPU.ActiveCfg = Release|Any CPU
		{BA4F0A31-BB0D-4447-B0B4-8B7FED62C775}.Release|Any CPU.Build.0 = Release|Any CPU
		{BA4F0A31-BB0D-4447-B0B4-8B7FED62C775}.Release|x64.ActiveCfg = Release|Any CPU
		{BA4F0A31-BB0D-4447-B0B4-8B7FED62C775}.Release|x64.Build.0 = Release|Any CPU
		{BA4F0A31-BB0D-4447-B0B4-8B7FED62C775}.Release|x86.ActiveCfg = Release|Any CPU
		{BA4F0A31-BB0D-4447-B0B4-8B7FED62C775}.Release|x86.Build.0 = Release|Any CPU
		{023457A8-A67A-4DD9-BCB1-DF1692D40999}.Debug|Any CPU.ActiveCfg = Debug|Any CPU
		{023457A8-A67A-4DD9-BCB1-DF1692D40999}.Debug|Any CPU.Build.0 = Debug|Any CPU
		{023457A8-A67A-4DD9-BCB1-DF1692D40999}.Debug|x64.ActiveCfg = Debug|Any CPU
		{023457A8-A67A-4DD9-BCB1-DF1692D40999}.Debug|x64.Build.0 = Debug|Any CPU
		{023457A8-A67A-4DD9-BCB1-DF1692D40999}.Debug|x86.ActiveCfg = Debug|Any CPU
		{023457A8-A67A-4DD9-BCB1-DF1692D40999}.Debug|x86.Build.0 = Debug|Any CPU
		{023457A8-A67A-4DD9-BCB1-DF1692D40999}.Release|Any CPU.ActiveCfg = Release|Any CPU
		{023457A8-A67A-4DD9-BCB1-DF1692D40999}.Release|Any CPU.Build.0 = Release|Any CPU
		{023457A8-A67A-4DD9-BCB1-DF1692D40999}.Release|x64.ActiveCfg = Release|Any CPU
		{023457A8-A67A-4DD9-BCB1-DF1692D40999}.Release|x64.Build.0 = Release|Any CPU
		{023457A8-A67A-4DD9-BCB1-DF1692D40999}.Release|x86.ActiveCfg = Release|Any CPU
		{023457A8-A67A-4DD9-BCB1-DF1692D40999}.Release|x86.Build.0 = Release|Any CPU
	EndGlobalSection
	GlobalSection(SolutionProperties) = preSolution
		HideSolutionNode = FALSE
	EndGlobalSection
	GlobalSection(NestedProjects) = preSolution
		{F1765C6E-DE04-466B-824B-F049BA859B37} = {827E0CD3-B72D-47B6-A68D-7590B98EB39B}
		{FE583EB6-EA2E-484A-B49F-59AE95BBC87C} = {827E0CD3-B72D-47B6-A68D-7590B98EB39B}
		{89ADCD68-277F-44B5-9AEB-1E15C8DA6D80} = {827E0CD3-B72D-47B6-A68D-7590B98EB39B}
		{5CB8DEA7-945F-48CB-88A1-3A9B09FCC181} = {827E0CD3-B72D-47B6-A68D-7590B98EB39B}
		{C5593EB7-3A63-4C8E-B57B-DCFF28F04DD6} = {0AB3BF05-4346-4AA6-1389-037BE0695223}
		{16746D20-4EDF-48E7-8425-8F06D309E72F} = {0AB3BF05-4346-4AA6-1389-037BE0695223}
		{BA4F0A31-BB0D-4447-B0B4-8B7FED62C775} = {0AB3BF05-4346-4AA6-1389-037BE0695223}
		{023457A8-A67A-4DD9-BCB1-DF1692D40999} = {0AB3BF05-4346-4AA6-1389-037BE0695223}
	EndGlobalSection
EndGlobal
